// !$*UTF8*$!
{
	archiveVersion = 1;
	classes = {
	};
	objectVersion = 46;
	objects = {

/* Begin PBXBuildFile section */
		0221A4AF1CF5EF8F00DDC4E0 /* AppDelegate.swift in Sources */ = {isa = PBXBuildFile; fileRef = 0221A4AE1CF5EF8F00DDC4E0 /* AppDelegate.swift */; };
		0221A4B11CF5EF8F00DDC4E0 /* ViewController.swift in Sources */ = {isa = PBXBuildFile; fileRef = 0221A4B01CF5EF8F00DDC4E0 /* ViewController.swift */; };
		0221A4B41CF5EF8F00DDC4E0 /* Main.storyboard in Resources */ = {isa = PBXBuildFile; fileRef = 0221A4B21CF5EF8F00DDC4E0 /* Main.storyboard */; };
		0221A4B61CF5EF8F00DDC4E0 /* Assets.xcassets in Resources */ = {isa = PBXBuildFile; fileRef = 0221A4B51CF5EF8F00DDC4E0 /* Assets.xcassets */; };
		0221A4B91CF5EF8F00DDC4E0 /* LaunchScreen.storyboard in Resources */ = {isa = PBXBuildFile; fileRef = 0221A4B71CF5EF8F00DDC4E0 /* LaunchScreen.storyboard */; };
		0221A4C21CF5F7B100DDC4E0 /* MyCollectionViewCell.xib in Resources */ = {isa = PBXBuildFile; fileRef = 0221A4C11CF5F7B100DDC4E0 /* MyCollectionViewCell.xib */; };
		0221A4C61CF608DE00DDC4E0 /* MyCollectionViewCell.swift in Sources */ = {isa = PBXBuildFile; fileRef = 0221A4C51CF608DE00DDC4E0 /* MyCollectionViewCell.swift */; };
		8678E88D55BEB0BAE997E498 /* Pods_TestCenterLayout.framework in Frameworks */ = {isa = PBXBuildFile; fileRef = CDB1F22992F1C4EDB7E24D77 /* Pods_TestCenterLayout.framework */; };
/* End PBXBuildFile section */

/* Begin PBXFileReference section */
		0221A4AB1CF5EF8F00DDC4E0 /* TestCenterLayout.app */ = {isa = PBXFileReference; explicitFileType = wrapper.application; includeInIndex = 0; path = TestCenterLayout.app; sourceTree = BUILT_PRODUCTS_DIR; };
		0221A4AE1CF5EF8F00DDC4E0 /* AppDelegate.swift */ = {isa = PBXFileReference; lastKnownFileType = sourcecode.swift; path = AppDelegate.swift; sourceTree = "<group>"; };
		0221A4B01CF5EF8F00DDC4E0 /* ViewController.swift */ = {isa = PBXFileReference; lastKnownFileType = sourcecode.swift; path = ViewController.swift; sourceTree = "<group>"; };
		0221A4B31CF5EF8F00DDC4E0 /* Base */ = {isa = PBXFileReference; lastKnownFileType = file.storyboard; name = Base; path = Base.lproj/Main.storyboard; sourceTree = "<group>"; };
		0221A4B51CF5EF8F00DDC4E0 /* Assets.xcassets */ = {isa = PBXFileReference; lastKnownFileType = folder.assetcatalog; path = Assets.xcassets; sourceTree = "<group>"; };
		0221A4B81CF5EF8F00DDC4E0 /* Base */ = {isa = PBXFileReference; lastKnownFileType = file.storyboard; name = Base; path = Base.lproj/LaunchScreen.storyboard; sourceTree = "<group>"; };
		0221A4BA1CF5EF8F00DDC4E0 /* Info.plist */ = {isa = PBXFileReference; lastKnownFileType = text.plist.xml; path = Info.plist; sourceTree = "<group>"; };
		0221A4C11CF5F7B100DDC4E0 /* MyCollectionViewCell.xib */ = {isa = PBXFileReference; fileEncoding = 4; lastKnownFileType = file.xib; path = MyCollectionViewCell.xib; sourceTree = "<group>"; };
		0221A4C51CF608DE00DDC4E0 /* MyCollectionViewCell.swift */ = {isa = PBXFileReference; fileEncoding = 4; lastKnownFileType = sourcecode.swift; path = MyCollectionViewCell.swift; sourceTree = "<group>"; };
		3983956462555BD82836E4BC /* Pods-TestCenterLayout.debug.xcconfig */ = {isa = PBXFileReference; includeInIndex = 1; lastKnownFileType = text.xcconfig; name = "Pods-TestCenterLayout.debug.xcconfig"; path = "Pods/Target Support Files/Pods-TestCenterLayout/Pods-TestCenterLayout.debug.xcconfig"; sourceTree = "<group>"; };
		593D4F85D74E23302CFEB235 /* Pods-TestCenterLayout.release.xcconfig */ = {isa = PBXFileReference; includeInIndex = 1; lastKnownFileType = text.xcconfig; name = "Pods-TestCenterLayout.release.xcconfig"; path = "Pods/Target Support Files/Pods-TestCenterLayout/Pods-TestCenterLayout.release.xcconfig"; sourceTree = "<group>"; };
		CDB1F22992F1C4EDB7E24D77 /* Pods_TestCenterLayout.framework */ = {isa = PBXFileReference; explicitFileType = wrapper.framework; includeInIndex = 0; path = Pods_TestCenterLayout.framework; sourceTree = BUILT_PRODUCTS_DIR; };
/* End PBXFileReference section */

/* Begin PBXFrameworksBuildPhase section */
		0221A4A81CF5EF8F00DDC4E0 /* Frameworks */ = {
			isa = PBXFrameworksBuildPhase;
			buildActionMask = 2147483647;
			files = (
				8678E88D55BEB0BAE997E498 /* Pods_TestCenterLayout.framework in Frameworks */,
			);
			runOnlyForDeploymentPostprocessing = 0;
		};
/* End PBXFrameworksBuildPhase section */

/* Begin PBXGroup section */
		0221A4A21CF5EF8F00DDC4E0 = {
			isa = PBXGroup;
			children = (
				0221A4AD1CF5EF8F00DDC4E0 /* TestCenterLayout */,
				0221A4AC1CF5EF8F00DDC4E0 /* Products */,
				8ABBAAF8D8592FEC7065FA07 /* Pods */,
				ED18F9D0A430884D04C15CFD /* Frameworks */,
			);
			sourceTree = "<group>";
		};
		0221A4AC1CF5EF8F00DDC4E0 /* Products */ = {
			isa = PBXGroup;
			children = (
				0221A4AB1CF5EF8F00DDC4E0 /* TestCenterLayout.app */,
			);
			name = Products;
			sourceTree = "<group>";
		};
		0221A4AD1CF5EF8F00DDC4E0 /* TestCenterLayout */ = {
			isa = PBXGroup;
			children = (
				0221A4C51CF608DE00DDC4E0 /* MyCollectionViewCell.swift */,
				0221A4AE1CF5EF8F00DDC4E0 /* AppDelegate.swift */,
				0221A4B01CF5EF8F00DDC4E0 /* ViewController.swift */,
				0221A4B21CF5EF8F00DDC4E0 /* Main.storyboard */,
				0221A4B51CF5EF8F00DDC4E0 /* Assets.xcassets */,
				0221A4B71CF5EF8F00DDC4E0 /* LaunchScreen.storyboard */,
				0221A4BA1CF5EF8F00DDC4E0 /* Info.plist */,
				0221A4C11CF5F7B100DDC4E0 /* MyCollectionViewCell.xib */,
			);
			path = TestCenterLayout;
			sourceTree = "<group>";
		};
		8ABBAAF8D8592FEC7065FA07 /* Pods */ = {
			isa = PBXGroup;
			children = (
				3983956462555BD82836E4BC /* Pods-TestCenterLayout.debug.xcconfig */,
				593D4F85D74E23302CFEB235 /* Pods-TestCenterLayout.release.xcconfig */,
			);
			name = Pods;
			sourceTree = "<group>";
		};
		ED18F9D0A430884D04C15CFD /* Frameworks */ = {
			isa = PBXGroup;
			children = (
				CDB1F22992F1C4EDB7E24D77 /* Pods_TestCenterLayout.framework */,
			);
			name = Frameworks;
			sourceTree = "<group>";
		};
/* End PBXGroup section */

/* Begin PBXNativeTarget section */
		0221A4AA1CF5EF8F00DDC4E0 /* TestCenterLayout */ = {
			isa = PBXNativeTarget;
			buildConfigurationList = 0221A4BD1CF5EF8F00DDC4E0 /* Build configuration list for PBXNativeTarget "TestCenterLayout" */;
			buildPhases = (
				45D99930C1724FC0BB8BB44B /* Check Pods Manifest.lock */,
				0221A4A71CF5EF8F00DDC4E0 /* Sources */,
				0221A4A81CF5EF8F00DDC4E0 /* Frameworks */,
				0221A4A91CF5EF8F00DDC4E0 /* Resources */,
				EDC9809A0E35802A148F0F1D /* Embed Pods Frameworks */,
				1ABB0AF90BE802DFDC7A1F49 /* Copy Pods Resources */,
			);
			buildRules = (
			);
			dependencies = (
			);
			name = TestCenterLayout;
			productName = TestCenterLayout;
			productReference = 0221A4AB1CF5EF8F00DDC4E0 /* TestCenterLayout.app */;
			productType = "com.apple.product-type.application";
		};
/* End PBXNativeTarget section */

/* Begin PBXProject section */
		0221A4A31CF5EF8F00DDC4E0 /* Project object */ = {
			isa = PBXProject;
			attributes = {
				LastSwiftUpdateCheck = 0730;
				LastUpgradeCheck = 0730;
				ORGANIZATIONNAME = "Jose Manuel Perez";
				TargetAttributes = {
					0221A4AA1CF5EF8F00DDC4E0 = {
						CreatedOnToolsVersion = 7.3.1;
					};
				};
			};
			buildConfigurationList = 0221A4A61CF5EF8F00DDC4E0 /* Build configuration list for PBXProject "TestCenterLayout" */;
			compatibilityVersion = "Xcode 3.2";
			developmentRegion = English;
			hasScannedForEncodings = 0;
			knownRegions = (
				en,
				Base,
			);
			mainGroup = 0221A4A21CF5EF8F00DDC4E0;
			productRefGroup = 0221A4AC1CF5EF8F00DDC4E0 /* Products */;
			projectDirPath = "";
			projectRoot = "";
			targets = (
				0221A4AA1CF5EF8F00DDC4E0 /* TestCenterLayout */,
			);
		};
/* End PBXProject section */

/* Begin PBXResourcesBuildPhase section */
		0221A4A91CF5EF8F00DDC4E0 /* Resources */ = {
			isa = PBXResourcesBuildPhase;
			buildActionMask = 2147483647;
			files = (
				0221A4B91CF5EF8F00DDC4E0 /* LaunchScreen.storyboard in Resources */,
				0221A4B61CF5EF8F00DDC4E0 /* Assets.xcassets in Resources */,
				0221A4C21CF5F7B100DDC4E0 /* MyCollectionViewCell.xib in Resources */,
				0221A4B41CF5EF8F00DDC4E0 /* Main.storyboard in Resources */,
			);
			runOnlyForDeploymentPostprocessing = 0;
		};
/* End PBXResourcesBuildPhase section */

/* Begin PBXShellScriptBuildPhase section */
		1ABB0AF90BE802DFDC7A1F49 /* Copy Pods Resources */ = {
			isa = PBXShellScriptBuildPhase;
			buildActionMask = 2147483647;
			files = (
			);
			inputPaths = (
			);
			name = "Copy Pods Resources";
			outputPaths = (
			);
			runOnlyForDeploymentPostprocessing = 0;
			shellPath = /bin/sh;
			shellScript = "\"${SRCROOT}/Pods/Target Support Files/Pods-TestCenterLayout/Pods-TestCenterLayout-resources.sh\"\n";
			showEnvVarsInLog = 0;
		};
		45D99930C1724FC0BB8BB44B /* Check Pods Manifest.lock */ = {
			isa = PBXShellScriptBuildPhase;
			buildActionMask = 2147483647;
			files = (
			);
			inputPaths = (
			);
			name = "Check Pods Manifest.lock";
			outputPaths = (
			);
			runOnlyForDeploymentPostprocessing = 0;
			shellPath = /bin/sh;
			shellScript = "diff \"${PODS_ROOT}/../Podfile.lock\" \"${PODS_ROOT}/Manifest.lock\" > /dev/null\nif [[ $? != 0 ]] ; then\n    cat << EOM\nerror: The sandbox is not in sync with the Podfile.lock. Run 'pod install' or update your CocoaPods installation.\nEOM\n    exit 1\nfi\n";
			showEnvVarsInLog = 0;
		};
		EDC9809A0E35802A148F0F1D /* Embed Pods Frameworks */ = {
			isa = PBXShellScriptBuildPhase;
			buildActionMask = 2147483647;
			files = (
			);
			inputPaths = (
			);
			name = "Embed Pods Frameworks";
			outputPaths = (
			);
			runOnlyForDeploymentPostprocessing = 0;
			shellPath = /bin/sh;
			shellScript = "\"${SRCROOT}/Pods/Target Support Files/Pods-TestCenterLayout/Pods-TestCenterLayout-frameworks.sh\"\n";
			showEnvVarsInLog = 0;
		};
/* End PBXShellScriptBuildPhase section */

/* Begin PBXSourcesBuildPhase section */
		0221A4A71CF5EF8F00DDC4E0 /* Sources */ = {
			isa = PBXSourcesBuildPhase;
			buildActionMask = 2147483647;
			files = (
				0221A4B11CF5EF8F00DDC4E0 /* ViewController.swift in Sources */,
				0221A4AF1CF5EF8F00DDC4E0 /* AppDelegate.swift in Sources */,
				0221A4C61CF608DE00DDC4E0 /* MyCollectionViewCell.swift in Sources */,
			);
			runOnlyForDeploymentPostprocessing = 0;
		};
/* End PBXSourcesBuildPhase section */

/* Begin PBXVariantGroup section */
		0221A4B21CF5EF8F00DDC4E0 /* Main.storyboard */ = {
			isa = PBXVariantGroup;
			children = (
				0221A4B31CF5EF8F00DDC4E0 /* Base */,
			);
			name = Main.storyboard;
			sourceTree = "<group>";
		};
		0221A4B71CF5EF8F00DDC4E0 /* LaunchScreen.storyboard */ = {
			isa = PBXVariantGroup;
			children = (
				0221A4B81CF5EF8F00DDC4E0 /* Base */,
			);
			name = LaunchScreen.storyboard;
			sourceTree = "<group>";
		};
/* End PBXVariantGroup section */

/* Begin XCBuildConfiguration section */
		0221A4BB1CF5EF8F00DDC4E0 /* Debug */ = {
			isa = XCBuildConfiguration;
			buildSettings = {
				ALWAYS_SEARCH_USER_PATHS = NO;
				CLANG_ANALYZER_NONNULL = YES;
				CLANG_CXX_LANGUAGE_STANDARD = "gnu++0x";
				CLANG_CXX_LIBRARY = "libc++";
				CLANG_ENABLE_MODULES = YES;
				CLANG_ENABLE_OBJC_ARC = YES;
				CLANG_WARN_BOOL_CONVERSION = YES;
				CLANG_WARN_CONSTANT_CONVERSION = YES;
				CLANG_WARN_DIRECT_OBJC_ISA_USAGE = YES_ERROR;
				CLANG_WARN_EMPTY_BODY = YES;
				CLANG_WARN_ENUM_CONVERSION = YES;
				CLANG_WARN_INT_CONVERSION = YES;
				CLANG_WARN_OBJC_ROOT_CLASS = YES_ERROR;
				CLANG_WARN_UNREACHABLE_CODE = YES;
				CLANG_WARN__DUPLICATE_METHOD_MATCH = YES;
				"CODE_SIGN_IDENTITY[sdk=iphoneos*]" = "iPhone Developer";
				COPY_PHASE_STRIP = NO;
				DEBUG_INFORMATION_FORMAT = dwarf;
				ENABLE_STRICT_OBJC_MSGSEND = YES;
				ENABLE_TESTABILITY = YES;
				GCC_C_LANGUAGE_STANDARD = gnu99;
				GCC_DYNAMIC_NO_PIC = NO;
				GCC_NO_COMMON_BLOCKS = YES;
				GCC_OPTIMIZATION_LEVEL = 0;
				GCC_PREPROCESSOR_DEFINITIONS = (
					"DEBUG=1",
					"$(inherited)",
				);
				GCC_WARN_64_TO_32_BIT_CONVERSION = YES;
				GCC_WARN_ABOUT_RETURN_TYPE = YES_ERROR;
				GCC_WARN_UNDECLARED_SELECTOR = YES;
				GCC_WARN_UNINITIALIZED_AUTOS = YES_AGGRESSIVE;
				GCC_WARN_UNUSED_FUNCTION = YES;
				GCC_WARN_UNUSED_VARIABLE = YES;
				IPHONEOS_DEPLOYMENT_TARGET = 9.3;
				MTL_ENABLE_DEBUG_INFO = YES;
				ONLY_ACTIVE_ARCH = YES;
				SDKROOT = iphoneos;
				SWIFT_OPTIMIZATION_LEVEL = "-Onone";
			};
			name = Debug;
		};
		0221A4BC1CF5EF8F00DDC4E0 /* Release */ = {
			isa = XCBuildConfiguration;
			buildSettings = {
				ALWAYS_SEARCH_USER_PATHS = NO;
				CLANG_ANALYZER_NONNULL = YES;
				CLANG_CXX_LANGUAGE_STANDARD = "gnu++0x";
				CLANG_CXX_LIBRARY = "libc++";
				CLANG_ENABLE_MODULES = YES;
				CLANG_ENABLE_OBJC_ARC = YES;
				CLANG_WARN_BOOL_CONVERSION = YES;
				CLANG_WARN_CONSTANT_CONVERSION = YES;
				CLANG_WARN_DIRECT_OBJC_ISA_USAGE = YES_ERROR;
				CLANG_WARN_EMPTY_BODY = YES;
				CLANG_WARN_ENUM_CONVERSION = YES;
				CLANG_WARN_INT_CONVERSION = YES;
				CLANG_WARN_OBJC_ROOT_CLASS = YES_ERROR;
				CLANG_WARN_UNREACHABLE_CODE = YES;
				CLANG_WARN__DUPLICATE_METHOD_MATCH = YES;
				"CODE_SIGN_IDENTITY[sdk=iphoneos*]" = "iPhone Developer";
				COPY_PHASE_STRIP = NO;
				DEBUG_INFORMATION_FORMAT = "dwarf-with-dsym";
				ENABLE_NS_ASSERTIONS = NO;
				ENABLE_STRICT_OBJC_MSGSEND = YES;
				GCC_C_LANGUAGE_STANDARD = gnu99;
				GCC_NO_COMMON_BLOCKS = YES;
				GCC_WARN_64_TO_32_BIT_CONVERSION = YES;
				GCC_WARN_ABOUT_RETURN_TYPE = YES_ERROR;
				GCC_WARN_UNDECLARED_SELECTOR = YES;
				GCC_WARN_UNINITIALIZED_AUTOS = YES_AGGRESSIVE;
				GCC_WARN_UNUSED_FUNCTION = YES;
				GCC_WARN_UNUSED_VARIABLE = YES;
				IPHONEOS_DEPLOYMENT_TARGET = 9.3;
				MTL_ENABLE_DEBUG_INFO = NO;
				SDKROOT = iphoneos;
				VALIDATE_PRODUCT = YES;
			};
			name = Release;
		};
		0221A4BE1CF5EF8F00DDC4E0 /* Debug */ = {
			isa = XCBuildConfiguration;
			baseConfigurationReference = 3983956462555BD82836E4BC /* Pods-TestCenterLayout.debug.xcconfig */;
			buildSettings = {
				ASSETCATALOG_COMPILER_APPICON_NAME = AppIcon;
				INFOPLIST_FILE = TestCenterLayout/Info.plist;
				LD_RUNPATH_SEARCH_PATHS = "$(inherited) @executable_path/Frameworks";
				PRODUCT_BUNDLE_IDENTIFIER = tps.apps.testmaterial.TestCenterLayout;
				PRODUCT_NAME = "$(TARGET_NAME)";
			};
			name = Debug;
		};
		0221A4BF1CF5EF8F00DDC4E0 /* Release */ = {
			isa = XCBuildConfiguration;
			baseConfigurationReference = 593D4F85D74E23302CFEB235 /* Pods-TestCenterLayout.release.xcconfig */;
			buildSettings = {
				ASSETCATALOG_COMPILER_APPICON_NAME = AppIcon;
				INFOPLIST_FILE = TestCenterLayout/Info.plist;
				LD_RUNPATH_SEARCH_PATHS = "$(inherited) @executable_path/Frameworks";
				PRODUCT_BUNDLE_IDENTIFIER = tps.apps.testmaterial.TestCenterLayout;
				PRODUCT_NAME = "$(TARGET_NAME)";
			};
			name = Release;
		};
/* End XCBuildConfiguration section */

/* Begin XCConfigurationList section */
		0221A4A61CF5EF8F00DDC4E0 /* Build configuration list for PBXProject "TestCenterLayout" */ = {
			isa = XCConfigurationList;
			buildConfigurations = (
				0221A4BB1CF5EF8F00DDC4E0 /* Debug */,
				0221A4BC1CF5EF8F00DDC4E0 /* Release */,
			);
			defaultConfigurationIsVisible = 0;
			defaultConfigurationName = Release;
		};
		0221A4BD1CF5EF8F00DDC4E0 /* Build configuration list for PBXNativeTarget "TestCenterLayout" */ = {
			isa = XCConfigurationList;
			buildConfigurations = (
				0221A4BE1CF5EF8F00DDC4E0 /* Debug */,
				0221A4BF1CF5EF8F00DDC4E0 /* Release */,
			);
			defaultConfigurationIsVisible = 0;
			defaultConfigurationName = Release;
		};
/* End XCConfigurationList section */
	};
	rootObject = 0221A4A31CF5EF8F00DDC4E0 /* Project object */;
}
